// !$*UTF8*$!
{
	archiveVersion = 1;
	classes = {
	};
	objectVersion = 56;
	objects = {

/* Begin PBXBuildFile section */
		550405082A9A402000CE3000 /* AppDelegate.swift in Sources */ = {isa = PBXBuildFile; fileRef = 550405072A9A402000CE3000 /* AppDelegate.swift */; };
		5504050A2A9A402000CE3000 /* SceneDelegate.swift in Sources */ = {isa = PBXBuildFile; fileRef = 550405092A9A402000CE3000 /* SceneDelegate.swift */; };
		5504050C2A9A402000CE3000 /* ConversationsViewController.swift in Sources */ = {isa = PBXBuildFile; fileRef = 5504050B2A9A402000CE3000 /* ConversationsViewController.swift */; };
		5504050F2A9A402000CE3000 /* Main.storyboard in Resources */ = {isa = PBXBuildFile; fileRef = 5504050D2A9A402000CE3000 /* Main.storyboard */; };
		550405112A9A402100CE3000 /* Assets.xcassets in Resources */ = {isa = PBXBuildFile; fileRef = 550405102A9A402100CE3000 /* Assets.xcassets */; };
		550405142A9A402100CE3000 /* LaunchScreen.storyboard in Resources */ = {isa = PBXBuildFile; fileRef = 550405122A9A402100CE3000 /* LaunchScreen.storyboard */; };
		555B7D6A2AA03E6500795B44 /* LoginViewController.swift in Sources */ = {isa = PBXBuildFile; fileRef = 555B7D692AA03E6500795B44 /* LoginViewController.swift */; };
		555B7D6C2AA03E7B00795B44 /* RegisterViewController.swift in Sources */ = {isa = PBXBuildFile; fileRef = 555B7D6B2AA03E7B00795B44 /* RegisterViewController.swift */; };
		555B7D6E2AA03E9200795B44 /* PhotoViewViewController.swift in Sources */ = {isa = PBXBuildFile; fileRef = 555B7D6D2AA03E9200795B44 /* PhotoViewViewController.swift */; };
		555B7D702AA03E9D00795B44 /* VideoPlayerViewController.swift in Sources */ = {isa = PBXBuildFile; fileRef = 555B7D6F2AA03E9D00795B44 /* VideoPlayerViewController.swift */; };
		555B7D722AA03EB100795B44 /* NewConversationViewController.swift in Sources */ = {isa = PBXBuildFile; fileRef = 555B7D712AA03EB100795B44 /* NewConversationViewController.swift */; };
		555B7D742AA03EBA00795B44 /* ProfileViewController.swift in Sources */ = {isa = PBXBuildFile; fileRef = 555B7D732AA03EBA00795B44 /* ProfileViewController.swift */; };
		555B7D772AA0467400795B44 /* Extensions.swift in Sources */ = {isa = PBXBuildFile; fileRef = 555B7D762AA0467400795B44 /* Extensions.swift */; };
		55D963C12AA18F95007F7D9C /* DatabaseManager.swift in Sources */ = {isa = PBXBuildFile; fileRef = 55D963C02AA18F95007F7D9C /* DatabaseManager.swift */; };
		55D963C32AA1914F007F7D9C /* GoogleService-Info.plist in Resources */ = {isa = PBXBuildFile; fileRef = 55D963C22AA1914F007F7D9C /* GoogleService-Info.plist */; };
		F8123FB5766283FC9207F7FB /* Pods_firebasechat.framework in Frameworks */ = {isa = PBXBuildFile; fileRef = 5D8001CF35F70E9AA050B3C7 /* Pods_firebasechat.framework */; };
/* End PBXBuildFile section */

/* Begin PBXFileReference section */
		0B7964F76C9209B6B35E1C1F /* Pods-firebasechat.release.xcconfig */ = {isa = PBXFileReference; includeInIndex = 1; lastKnownFileType = text.xcconfig; name = "Pods-firebasechat.release.xcconfig"; path = "Target Support Files/Pods-firebasechat/Pods-firebasechat.release.xcconfig"; sourceTree = "<group>"; };
		550405042A9A402000CE3000 /* firebasechat.app */ = {isa = PBXFileReference; explicitFileType = wrapper.application; includeInIndex = 0; path = firebasechat.app; sourceTree = BUILT_PRODUCTS_DIR; };
		550405072A9A402000CE3000 /* AppDelegate.swift */ = {isa = PBXFileReference; lastKnownFileType = sourcecode.swift; path = AppDelegate.swift; sourceTree = "<group>"; };
		550405092A9A402000CE3000 /* SceneDelegate.swift */ = {isa = PBXFileReference; lastKnownFileType = sourcecode.swift; path = SceneDelegate.swift; sourceTree = "<group>"; };
		5504050B2A9A402000CE3000 /* ConversationsViewController.swift */ = {isa = PBXFileReference; lastKnownFileType = sourcecode.swift; path = ConversationsViewController.swift; sourceTree = "<group>"; };
		5504050E2A9A402000CE3000 /* Base */ = {isa = PBXFileReference; lastKnownFileType = file.storyboard; name = Base; path = Base.lproj/Main.storyboard; sourceTree = "<group>"; };
		550405102A9A402100CE3000 /* Assets.xcassets */ = {isa = PBXFileReference; lastKnownFileType = folder.assetcatalog; path = Assets.xcassets; sourceTree = "<group>"; };
		550405132A9A402100CE3000 /* Base */ = {isa = PBXFileReference; lastKnownFileType = file.storyboard; name = Base; path = Base.lproj/LaunchScreen.storyboard; sourceTree = "<group>"; };
		550405152A9A402100CE3000 /* Info.plist */ = {isa = PBXFileReference; lastKnownFileType = text.plist.xml; path = Info.plist; sourceTree = "<group>"; };
		555B7D692AA03E6500795B44 /* LoginViewController.swift */ = {isa = PBXFileReference; lastKnownFileType = sourcecode.swift; path = LoginViewController.swift; sourceTree = "<group>"; };
		555B7D6B2AA03E7B00795B44 /* RegisterViewController.swift */ = {isa = PBXFileReference; lastKnownFileType = sourcecode.swift; path = RegisterViewController.swift; sourceTree = "<group>"; };
		555B7D6D2AA03E9200795B44 /* PhotoViewViewController.swift */ = {isa = PBXFileReference; lastKnownFileType = sourcecode.swift; path = PhotoViewViewController.swift; sourceTree = "<group>"; };
		555B7D6F2AA03E9D00795B44 /* VideoPlayerViewController.swift */ = {isa = PBXFileReference; lastKnownFileType = sourcecode.swift; path = VideoPlayerViewController.swift; sourceTree = "<group>"; };
		555B7D712AA03EB100795B44 /* NewConversationViewController.swift */ = {isa = PBXFileReference; lastKnownFileType = sourcecode.swift; path = NewConversationViewController.swift; sourceTree = "<group>"; };
		555B7D732AA03EBA00795B44 /* ProfileViewController.swift */ = {isa = PBXFileReference; lastKnownFileType = sourcecode.swift; path = ProfileViewController.swift; sourceTree = "<group>"; };
		555B7D762AA0467400795B44 /* Extensions.swift */ = {isa = PBXFileReference; lastKnownFileType = sourcecode.swift; path = Extensions.swift; sourceTree = "<group>"; };
		55D963C02AA18F95007F7D9C /* DatabaseManager.swift */ = {isa = PBXFileReference; lastKnownFileType = sourcecode.swift; path = DatabaseManager.swift; sourceTree = "<group>"; };
		55D963C22AA1914F007F7D9C /* GoogleService-Info.plist */ = {isa = PBXFileReference; fileEncoding = 4; lastKnownFileType = text.plist.xml; name = "GoogleService-Info.plist"; path = "../../../Downloads/GoogleService-Info.plist"; sourceTree = "<group>"; };
		5D8001CF35F70E9AA050B3C7 /* Pods_firebasechat.framework */ = {isa = PBXFileReference; explicitFileType = wrapper.framework; includeInIndex = 0; path = Pods_firebasechat.framework; sourceTree = BUILT_PRODUCTS_DIR; };
		87DA4622701FCFABBC4621D9 /* Pods-firebasechat.debug.xcconfig */ = {isa = PBXFileReference; includeInIndex = 1; lastKnownFileType = text.xcconfig; name = "Pods-firebasechat.debug.xcconfig"; path = "Target Support Files/Pods-firebasechat/Pods-firebasechat.debug.xcconfig"; sourceTree = "<group>"; };
/* End PBXFileReference section */

/* Begin PBXFrameworksBuildPhase section */
		550405012A9A402000CE3000 /* Frameworks */ = {
			isa = PBXFrameworksBuildPhase;
			buildActionMask = 2147483647;
			files = (
				F8123FB5766283FC9207F7FB /* Pods_firebasechat.framework in Frameworks */,
			);
			runOnlyForDeploymentPostprocessing = 0;
		};
/* End PBXFrameworksBuildPhase section */

/* Begin PBXGroup section */
		018659D6969F993BF7490761 /* Frameworks */ = {
			isa = PBXGroup;
			children = (
				5D8001CF35F70E9AA050B3C7 /* Pods_firebasechat.framework */,
			);
			name = Frameworks;
			sourceTree = "<group>";
		};
		52C212D1E96816BDE972DD96 /* Pods */ = {
			isa = PBXGroup;
			children = (
				87DA4622701FCFABBC4621D9 /* Pods-firebasechat.debug.xcconfig */,
				0B7964F76C9209B6B35E1C1F /* Pods-firebasechat.release.xcconfig */,
			);
			path = Pods;
			sourceTree = "<group>";
		};
		550404FB2A9A402000CE3000 = {
			isa = PBXGroup;
			children = (
				550405062A9A402000CE3000 /* firebasechat */,
				550405052A9A402000CE3000 /* Products */,
				52C212D1E96816BDE972DD96 /* Pods */,
				018659D6969F993BF7490761 /* Frameworks */,
			);
			sourceTree = "<group>";
		};
		550405052A9A402000CE3000 /* Products */ = {
			isa = PBXGroup;
			children = (
				550405042A9A402000CE3000 /* firebasechat.app */,
			);
			name = Products;
			sourceTree = "<group>";
		};
		550405062A9A402000CE3000 /* firebasechat */ = {
			isa = PBXGroup;
			children = (
				55D963C22AA1914F007F7D9C /* GoogleService-Info.plist */,
				555B7D672AA03B8A00795B44 /* Resources */,
				555B7D652AA03B7900795B44 /* ViewModels */,
				555B7D642AA03B7600795B44 /* Models */,
				555B7D632AA03B7100795B44 /* Views */,
				555B7D622AA03B6A00795B44 /* Controllers */,
				550405152A9A402100CE3000 /* Info.plist */,
			);
			path = firebasechat;
			sourceTree = "<group>";
		};
		555B7D622AA03B6A00795B44 /* Controllers */ = {
			isa = PBXGroup;
			children = (
				5504050B2A9A402000CE3000 /* ConversationsViewController.swift */,
				555B7D752AA03F1F00795B44 /* Auth */,
				555B7D6D2AA03E9200795B44 /* PhotoViewViewController.swift */,
				555B7D6F2AA03E9D00795B44 /* VideoPlayerViewController.swift */,
				555B7D712AA03EB100795B44 /* NewConversationViewController.swift */,
				555B7D732AA03EBA00795B44 /* ProfileViewController.swift */,
			);
			path = Controllers;
			sourceTree = "<group>";
		};
		555B7D632AA03B7100795B44 /* Views */ = {
			isa = PBXGroup;
			children = (
				555B7D682AA03BAA00795B44 /* Storyboards */,
				550405102A9A402100CE3000 /* Assets.xcassets */,
			);
			path = Views;
			sourceTree = "<group>";
		};
		555B7D642AA03B7600795B44 /* Models */ = {
			isa = PBXGroup;
			children = (
			);
			path = Models;
			sourceTree = "<group>";
		};
		555B7D652AA03B7900795B44 /* ViewModels */ = {
			isa = PBXGroup;
			children = (
			);
			path = ViewModels;
			sourceTree = "<group>";
		};
		555B7D672AA03B8A00795B44 /* Resources */ = {
			isa = PBXGroup;
			children = (
				550405072A9A402000CE3000 /* AppDelegate.swift */,
				550405092A9A402000CE3000 /* SceneDelegate.swift */,
				555B7D762AA0467400795B44 /* Extensions.swift */,
				55D963C02AA18F95007F7D9C /* DatabaseManager.swift */,
			);
			path = Resources;
			sourceTree = "<group>";
		};
		555B7D682AA03BAA00795B44 /* Storyboards */ = {
			isa = PBXGroup;
			children = (
				5504050D2A9A402000CE3000 /* Main.storyboard */,
				550405122A9A402100CE3000 /* LaunchScreen.storyboard */,
			);
			path = Storyboards;
			sourceTree = "<group>";
		};
		555B7D752AA03F1F00795B44 /* Auth */ = {
			isa = PBXGroup;
			children = (
				555B7D692AA03E6500795B44 /* LoginViewController.swift */,
				555B7D6B2AA03E7B00795B44 /* RegisterViewController.swift */,
			);
			path = Auth;
			sourceTree = "<group>";
		};
/* End PBXGroup section */

/* Begin PBXNativeTarget section */
		550405032A9A402000CE3000 /* firebasechat */ = {
			isa = PBXNativeTarget;
			buildConfigurationList = 550405182A9A402100CE3000 /* Build configuration list for PBXNativeTarget "firebasechat" */;
			buildPhases = (
				A35BC257613B0F1AFC1D920A /* [CP] Check Pods Manifest.lock */,
				550405002A9A402000CE3000 /* Sources */,
				550405012A9A402000CE3000 /* Frameworks */,
				550405022A9A402000CE3000 /* Resources */,
				5BFA47F437F73F3F7F3B6BBE /* [CP] Embed Pods Frameworks */,
			);
			buildRules = (
			);
			dependencies = (
			);
			name = firebasechat;
			productName = firebasechat;
			productReference = 550405042A9A402000CE3000 /* firebasechat.app */;
			productType = "com.apple.product-type.application";
		};
/* End PBXNativeTarget section */

/* Begin PBXProject section */
		550404FC2A9A402000CE3000 /* Project object */ = {
			isa = PBXProject;
			attributes = {
				BuildIndependentTargetsInParallel = 1;
				LastSwiftUpdateCheck = 1400;
				LastUpgradeCheck = 1400;
				TargetAttributes = {
					550405032A9A402000CE3000 = {
						CreatedOnToolsVersion = 14.0.1;
					};
				};
			};
			buildConfigurationList = 550404FF2A9A402000CE3000 /* Build configuration list for PBXProject "firebasechat" */;
			compatibilityVersion = "Xcode 14.0";
			developmentRegion = en;
			hasScannedForEncodings = 0;
			knownRegions = (
				en,
				Base,
			);
			mainGroup = 550404FB2A9A402000CE3000;
			productRefGroup = 550405052A9A402000CE3000 /* Products */;
			projectDirPath = "";
			projectRoot = "";
			targets = (
				550405032A9A402000CE3000 /* firebasechat */,
			);
		};
/* End PBXProject section */

/* Begin PBXResourcesBuildPhase section */
		550405022A9A402000CE3000 /* Resources */ = {
			isa = PBXResourcesBuildPhase;
			buildActionMask = 2147483647;
			files = (
				550405142A9A402100CE3000 /* LaunchScreen.storyboard in Resources */,
				55D963C32AA1914F007F7D9C /* GoogleService-Info.plist in Resources */,
				550405112A9A402100CE3000 /* Assets.xcassets in Resources */,
				5504050F2A9A402000CE3000 /* Main.storyboard in Resources */,
			);
			runOnlyForDeploymentPostprocessing = 0;
		};
/* End PBXResourcesBuildPhase section */

/* Begin PBXShellScriptBuildPhase section */
		5BFA47F437F73F3F7F3B6BBE /* [CP] Embed Pods Frameworks */ = {
			isa = PBXShellScriptBuildPhase;
			buildActionMask = 2147483647;
			files = (
			);
			inputFileListPaths = (
				"${PODS_ROOT}/Target Support Files/Pods-firebasechat/Pods-firebasechat-frameworks-${CONFIGURATION}-input-files.xcfilelist",
			);
			name = "[CP] Embed Pods Frameworks";
			outputFileListPaths = (
				"${PODS_ROOT}/Target Support Files/Pods-firebasechat/Pods-firebasechat-frameworks-${CONFIGURATION}-output-files.xcfilelist",
			);
			runOnlyForDeploymentPostprocessing = 0;
			shellPath = /bin/sh;
			shellScript = "\"${PODS_ROOT}/Target Support Files/Pods-firebasechat/Pods-firebasechat-frameworks.sh\"\n";
			showEnvVarsInLog = 0;
		};
		A35BC257613B0F1AFC1D920A /* [CP] Check Pods Manifest.lock */ = {
			isa = PBXShellScriptBuildPhase;
			buildActionMask = 2147483647;
			files = (
			);
			inputFileListPaths = (
			);
			inputPaths = (
				"${PODS_PODFILE_DIR_PATH}/Podfile.lock",
				"${PODS_ROOT}/Manifest.lock",
			);
			name = "[CP] Check Pods Manifest.lock";
			outputFileListPaths = (
			);
			outputPaths = (
				"$(DERIVED_FILE_DIR)/Pods-firebasechat-checkManifestLockResult.txt",
			);
			runOnlyForDeploymentPostprocessing = 0;
			shellPath = /bin/sh;
			shellScript = "diff \"${PODS_PODFILE_DIR_PATH}/Podfile.lock\" \"${PODS_ROOT}/Manifest.lock\" > /dev/null\nif [ $? != 0 ] ; then\n    # print error to STDERR\n    echo \"error: The sandbox is not in sync with the Podfile.lock. Run 'pod install' or update your CocoaPods installation.\" >&2\n    exit 1\nfi\n# This output is used by Xcode 'outputs' to avoid re-running this script phase.\necho \"SUCCESS\" > \"${SCRIPT_OUTPUT_FILE_0}\"\n";
			showEnvVarsInLog = 0;
		};
/* End PBXShellScriptBuildPhase section */

/* Begin PBXSourcesBuildPhase section */
		550405002A9A402000CE3000 /* Sources */ = {
			isa = PBXSourcesBuildPhase;
			buildActionMask = 2147483647;
			files = (
				555B7D6E2AA03E9200795B44 /* PhotoViewViewController.swift in Sources */,
				55D963C12AA18F95007F7D9C /* DatabaseManager.swift in Sources */,
				555B7D6A2AA03E6500795B44 /* LoginViewController.swift in Sources */,
				555B7D722AA03EB100795B44 /* NewConversationViewController.swift in Sources */,
				555B7D6C2AA03E7B00795B44 /* RegisterViewController.swift in Sources */,
				555B7D702AA03E9D00795B44 /* VideoPlayerViewController.swift in Sources */,
				555B7D772AA0467400795B44 /* Extensions.swift in Sources */,
				5504050C2A9A402000CE3000 /* ConversationsViewController.swift in Sources */,
				555B7D742AA03EBA00795B44 /* ProfileViewController.swift in Sources */,
				550405082A9A402000CE3000 /* AppDelegate.swift in Sources */,
				5504050A2A9A402000CE3000 /* SceneDelegate.swift in Sources */,
			);
			runOnlyForDeploymentPostprocessing = 0;
		};
/* End PBXSourcesBuildPhase section */

/* Begin PBXVariantGroup section */
		5504050D2A9A402000CE3000 /* Main.storyboard */ = {
			isa = PBXVariantGroup;
			children = (
				5504050E2A9A402000CE3000 /* Base */,
			);
			name = Main.storyboard;
			sourceTree = "<group>";
		};
		550405122A9A402100CE3000 /* LaunchScreen.storyboard */ = {
			isa = PBXVariantGroup;
			children = (
				550405132A9A402100CE3000 /* Base */,
			);
			name = LaunchScreen.storyboard;
			sourceTree = "<group>";
		};
/* End PBXVariantGroup section */

/* Begin XCBuildConfiguration section */
		550405162A9A402100CE3000 /* Debug */ = {
			isa = XCBuildConfiguration;
			buildSettings = {
				ALWAYS_SEARCH_USER_PATHS = NO;
				CLANG_ANALYZER_NONNULL = YES;
				CLANG_ANALYZER_NUMBER_OBJECT_CONVERSION = YES_AGGRESSIVE;
				CLANG_CXX_LANGUAGE_STANDARD = "gnu++20";
				CLANG_ENABLE_MODULES = YES;
				CLANG_ENABLE_OBJC_ARC = YES;
				CLANG_ENABLE_OBJC_WEAK = YES;
				CLANG_WARN_BLOCK_CAPTURE_AUTORELEASING = YES;
				CLANG_WARN_BOOL_CONVERSION = YES;
				CLANG_WARN_COMMA = YES;
				CLANG_WARN_CONSTANT_CONVERSION = YES;
				CLANG_WARN_DEPRECATED_OBJC_IMPLEMENTATIONS = YES;
				CLANG_WARN_DIRECT_OBJC_ISA_USAGE = YES_ERROR;
				CLANG_WARN_DOCUMENTATION_COMMENTS = YES;
				CLANG_WARN_EMPTY_BODY = YES;
				CLANG_WARN_ENUM_CONVERSION = YES;
				CLANG_WARN_INFINITE_RECURSION = YES;
				CLANG_WARN_INT_CONVERSION = YES;
				CLANG_WARN_NON_LITERAL_NULL_CONVERSION = YES;
				CLANG_WARN_OBJC_IMPLICIT_RETAIN_SELF = YES;
				CLANG_WARN_OBJC_LITERAL_CONVERSION = YES;
				CLANG_WARN_OBJC_ROOT_CLASS = YES_ERROR;
				CLANG_WARN_QUOTED_INCLUDE_IN_FRAMEWORK_HEADER = YES;
				CLANG_WARN_RANGE_LOOP_ANALYSIS = YES;
				CLANG_WARN_STRICT_PROTOTYPES = YES;
				CLANG_WARN_SUSPICIOUS_MOVE = YES;
				CLANG_WARN_UNGUARDED_AVAILABILITY = YES_AGGRESSIVE;
				CLANG_WARN_UNREACHABLE_CODE = YES;
				CLANG_WARN__DUPLICATE_METHOD_MATCH = YES;
				COPY_PHASE_STRIP = NO;
				DEBUG_INFORMATION_FORMAT = dwarf;
				ENABLE_STRICT_OBJC_MSGSEND = YES;
				ENABLE_TESTABILITY = YES;
				GCC_C_LANGUAGE_STANDARD = gnu11;
				GCC_DYNAMIC_NO_PIC = NO;
				GCC_NO_COMMON_BLOCKS = YES;
				GCC_OPTIMIZATION_LEVEL = 0;
				GCC_PREPROCESSOR_DEFINITIONS = (
					"DEBUG=1",
					"$(inherited)",
				);
				GCC_WARN_64_TO_32_BIT_CONVERSION = YES;
				GCC_WARN_ABOUT_RETURN_TYPE = YES_ERROR;
				GCC_WARN_UNDECLARED_SELECTOR = YES;
				GCC_WARN_UNINITIALIZED_AUTOS = YES_AGGRESSIVE;
				GCC_WARN_UNUSED_FUNCTION = YES;
				GCC_WARN_UNUSED_VARIABLE = YES;
				IPHONEOS_DEPLOYMENT_TARGET = 16.0;
				MTL_ENABLE_DEBUG_INFO = INCLUDE_SOURCE;
				MTL_FAST_MATH = YES;
				ONLY_ACTIVE_ARCH = YES;
				SDKROOT = iphoneos;
				SWIFT_ACTIVE_COMPILATION_CONDITIONS = DEBUG;
				SWIFT_OPTIMIZATION_LEVEL = "-Onone";
			};
			name = Debug;
		};
		550405172A9A402100CE3000 /* Release */ = {
			isa = XCBuildConfiguration;
			buildSettings = {
				ALWAYS_SEARCH_USER_PATHS = NO;
				CLANG_ANALYZER_NONNULL = YES;
				CLANG_ANALYZER_NUMBER_OBJECT_CONVERSION = YES_AGGRESSIVE;
				CLANG_CXX_LANGUAGE_STANDARD = "gnu++20";
				CLANG_ENABLE_MODULES = YES;
				CLANG_ENABLE_OBJC_ARC = YES;
				CLANG_ENABLE_OBJC_WEAK = YES;
				CLANG_WARN_BLOCK_CAPTURE_AUTORELEASING = YES;
				CLANG_WARN_BOOL_CONVERSION = YES;
				CLANG_WARN_COMMA = YES;
				CLANG_WARN_CONSTANT_CONVERSION = YES;
				CLANG_WARN_DEPRECATED_OBJC_IMPLEMENTATIONS = YES;
				CLANG_WARN_DIRECT_OBJC_ISA_USAGE = YES_ERROR;
				CLANG_WARN_DOCUMENTATION_COMMENTS = YES;
				CLANG_WARN_EMPTY_BODY = YES;
				CLANG_WARN_ENUM_CONVERSION = YES;
				CLANG_WARN_INFINITE_RECURSION = YES;
				CLANG_WARN_INT_CONVERSION = YES;
				CLANG_WARN_NON_LITERAL_NULL_CONVERSION = YES;
				CLANG_WARN_OBJC_IMPLICIT_RETAIN_SELF = YES;
				CLANG_WARN_OBJC_LITERAL_CONVERSION = YES;
				CLANG_WARN_OBJC_ROOT_CLASS = YES_ERROR;
				CLANG_WARN_QUOTED_INCLUDE_IN_FRAMEWORK_HEADER = YES;
				CLANG_WARN_RANGE_LOOP_ANALYSIS = YES;
				CLANG_WARN_STRICT_PROTOTYPES = YES;
				CLANG_WARN_SUSPICIOUS_MOVE = YES;
				CLANG_WARN_UNGUARDED_AVAILABILITY = YES_AGGRESSIVE;
				CLANG_WARN_UNREACHABLE_CODE = YES;
				CLANG_WARN__DUPLICATE_METHOD_MATCH = YES;
				COPY_PHASE_STRIP = NO;
				DEBUG_INFORMATION_FORMAT = "dwarf-with-dsym";
				ENABLE_NS_ASSERTIONS = NO;
				ENABLE_STRICT_OBJC_MSGSEND = YES;
				GCC_C_LANGUAGE_STANDARD = gnu11;
				GCC_NO_COMMON_BLOCKS = YES;
				GCC_WARN_64_TO_32_BIT_CONVERSION = YES;
				GCC_WARN_ABOUT_RETURN_TYPE = YES_ERROR;
				GCC_WARN_UNDECLARED_SELECTOR = YES;
				GCC_WARN_UNINITIALIZED_AUTOS = YES_AGGRESSIVE;
				GCC_WARN_UNUSED_FUNCTION = YES;
				GCC_WARN_UNUSED_VARIABLE = YES;
				IPHONEOS_DEPLOYMENT_TARGET = 16.0;
				MTL_ENABLE_DEBUG_INFO = NO;
				MTL_FAST_MATH = YES;
				SDKROOT = iphoneos;
				SWIFT_COMPILATION_MODE = wholemodule;
				SWIFT_OPTIMIZATION_LEVEL = "-O";
				VALIDATE_PRODUCT = YES;
			};
			name = Release;
		};
		550405192A9A402100CE3000 /* Debug */ = {
			isa = XCBuildConfiguration;
			baseConfigurationReference = 87DA4622701FCFABBC4621D9 /* Pods-firebasechat.debug.xcconfig */;
			buildSettings = {
				ASSETCATALOG_COMPILER_APPICON_NAME = AppIcon;
				ASSETCATALOG_COMPILER_GLOBAL_ACCENT_COLOR_NAME = AccentColor;
				CODE_SIGN_STYLE = Automatic;
				CURRENT_PROJECT_VERSION = 1;
				DEVELOPMENT_TEAM = L5BGV58R3C;
				GENERATE_INFOPLIST_FILE = YES;
				INFOPLIST_FILE = firebasechat/Info.plist;
				INFOPLIST_KEY_UIApplicationSupportsIndirectInputEvents = YES;
				INFOPLIST_KEY_UILaunchStoryboardName = LaunchScreen;
				INFOPLIST_KEY_UIMainStoryboardFile = Main;
				INFOPLIST_KEY_UISupportedInterfaceOrientations = "UIInterfaceOrientationLandscapeLeft UIInterfaceOrientationLandscapeRight UIInterfaceOrientationPortrait";
				INFOPLIST_KEY_UISupportedInterfaceOrientations_iPad = "UIInterfaceOrientationPortrait UIInterfaceOrientationPortraitUpsideDown";
				IPHONEOS_DEPLOYMENT_TARGET = 15.0;
				LD_RUNPATH_SEARCH_PATHS = (
					"$(inherited)",
					"@executable_path/Frameworks",
				);
				MARKETING_VERSION = 1.0;
				PRODUCT_BUNDLE_IDENTIFIER = azkaproduces.firebasechat;
				PRODUCT_NAME = "$(TARGET_NAME)";
				SWIFT_EMIT_LOC_STRINGS = YES;
				SWIFT_VERSION = 5.0;
				TARGETED_DEVICE_FAMILY = "1,2";
			};
			name = Debug;
		};
		5504051A2A9A402100CE3000 /* Release */ = {
			isa = XCBuildConfiguration;
			baseConfigurationReference = 0B7964F76C9209B6B35E1C1F /* Pods-firebasechat.release.xcconfig */;
			buildSettings = {
				ASSETCATALOG_COMPILER_APPICON_NAME = AppIcon;
				ASSETCATALOG_COMPILER_GLOBAL_ACCENT_COLOR_NAME = AccentColor;
				CODE_SIGN_STYLE = Automatic;
				CURRENT_PROJECT_VERSION = 1;
				DEVELOPMENT_TEAM = L5BGV58R3C;
				GENERATE_INFOPLIST_FILE = YES;
				INFOPLIST_FILE = firebasechat/Info.plist;
				INFOPLIST_KEY_UIApplicationSupportsIndirectInputEvents = YES;
				INFOPLIST_KEY_UILaunchStoryboardName = LaunchScreen;
				INFOPLIST_KEY_UIMainStoryboardFile = Main;
				INFOPLIST_KEY_UISupportedInterfaceOrientations = "UIInterfaceOrientationLandscapeLeft UIInterfaceOrientationLandscapeRight UIInterfaceOrientationPortrait";
				INFOPLIST_KEY_UISupportedInterfaceOrientations_iPad = "UIInterfaceOrientationPortrait UIInterfaceOrientationPortraitUpsideDown";
				IPHONEOS_DEPLOYMENT_TARGET = 15.0;
				LD_RUNPATH_SEARCH_PATHS = (
					"$(inherited)",
					"@executable_path/Frameworks",
				);
				MARKETING_VERSION = 1.0;
				PRODUCT_BUNDLE_IDENTIFIER = azkaproduces.firebasechat;
				PRODUCT_NAME = "$(TARGET_NAME)";
				SWIFT_EMIT_LOC_STRINGS = YES;
				SWIFT_VERSION = 5.0;
				TARGETED_DEVICE_FAMILY = "1,2";
			};
			name = Release;
		};
/* End XCBuildConfiguration section */

/* Begin XCConfigurationList section */
		550404FF2A9A402000CE3000 /* Build configuration list for PBXProject "firebasechat" */ = {
			isa = XCConfigurationList;
			buildConfigurations = (
				550405162A9A402100CE3000 /* Debug */,
				550405172A9A402100CE3000 /* Release */,
			);
			defaultConfigurationIsVisible = 0;
			defaultConfigurationName = Release;
		};
		550405182A9A402100CE3000 /* Build configuration list for PBXNativeTarget "firebasechat" */ = {
			isa = XCConfigurationList;
			buildConfigurations = (
				550405192A9A402100CE3000 /* Debug */,
				5504051A2A9A402100CE3000 /* Release */,
			);
			defaultConfigurationIsVisible = 0;
			defaultConfigurationName = Release;
		};
/* End XCConfigurationList section */
	};
	rootObject = 550404FC2A9A402000CE3000 /* Project object */;
}
